// !$*UTF8*$!
{
	archiveVersion = 1;
	classes = {
	};
	objectVersion = 46;
	objects = {

/* Begin PBXBuildFile section */
		34FB34F41F3D4EEB00785F15 /* NSString+Validate.m in Sources */ = {isa = PBXBuildFile; fileRef = 34FB34F31F3D4EEB00785F15 /* NSString+Validate.m */; };
		34FB34FA1F3D50A600785F15 /* NSString+Encrypt.m in Sources */ = {isa = PBXBuildFile; fileRef = 34FB34F91F3D50A600785F15 /* NSString+Encrypt.m */; };
		34FB34FD1F3D51A300785F15 /* UIImage+Color.m in Sources */ = {isa = PBXBuildFile; fileRef = 34FB34FC1F3D51A300785F15 /* UIImage+Color.m */; };
		34FB35001F3D523B00785F15 /* UILabel+Edge.m in Sources */ = {isa = PBXBuildFile; fileRef = 34FB34FF1F3D523B00785F15 /* UILabel+Edge.m */; };
		34FB35031F3D530A00785F15 /* CALayer+Border.m in Sources */ = {isa = PBXBuildFile; fileRef = 34FB35021F3D530A00785F15 /* CALayer+Border.m */; };
		34FB35081F3D53B300785F15 /* UIImage+ImageEffects.m in Sources */ = {isa = PBXBuildFile; fileRef = 34FB35071F3D53B300785F15 /* UIImage+ImageEffects.m */; };
		34FB350B1F3D54F800785F15 /* DateUtils.m in Sources */ = {isa = PBXBuildFile; fileRef = 34FB350A1F3D54F800785F15 /* DateUtils.m */; };
		34FB35111F3D768B00785F15 /* NSString+AppInfo.m in Sources */ = {isa = PBXBuildFile; fileRef = 34FB35101F3D768B00785F15 /* NSString+AppInfo.m */; };
		34FB35141F3D7B9800785F15 /* ExceptionHandler.m in Sources */ = {isa = PBXBuildFile; fileRef = 34FB35131F3D7B9800785F15 /* ExceptionHandler.m */; };
/* End PBXBuildFile section */

/* Begin PBXCopyFilesBuildPhase section */
		34FB34E11F3D417B00785F15 /* CopyFiles */ = {
			isa = PBXCopyFilesBuildPhase;
			buildActionMask = 2147483647;
			dstPath = "include/$(PRODUCT_NAME)";
			dstSubfolderSpec = 16;
			files = (
			);
			runOnlyForDeploymentPostprocessing = 0;
		};
/* End PBXCopyFilesBuildPhase section */

/* Begin PBXFileReference section */
		34FB34E31F3D417B00785F15 /* libObject_C_Utils.a */ = {isa = PBXFileReference; explicitFileType = archive.ar; includeInIndex = 0; path = libObject_C_Utils.a; sourceTree = BUILT_PRODUCTS_DIR; };
		34FB34F21F3D4EEB00785F15 /* NSString+Validate.h */ = {isa = PBXFileReference; fileEncoding = 4; lastKnownFileType = sourcecode.c.h; path = "NSString+Validate.h"; sourceTree = "<group>"; };
		34FB34F31F3D4EEB00785F15 /* NSString+Validate.m */ = {isa = PBXFileReference; fileEncoding = 4; lastKnownFileType = sourcecode.c.objc; path = "NSString+Validate.m"; sourceTree = "<group>"; };
		34FB34F61F3D4F0900785F15 /* Foundation.framework */ = {isa = PBXFileReference; lastKnownFileType = wrapper.framework; name = Foundation.framework; path = System/Library/Frameworks/Foundation.framework; sourceTree = SDKROOT; };
		34FB34F81F3D50A600785F15 /* NSString+Encrypt.h */ = {isa = PBXFileReference; fileEncoding = 4; lastKnownFileType = sourcecode.c.h; path = "NSString+Encrypt.h"; sourceTree = "<group>"; };
		34FB34F91F3D50A600785F15 /* NSString+Encrypt.m */ = {isa = PBXFileReference; fileEncoding = 4; lastKnownFileType = sourcecode.c.objc; path = "NSString+Encrypt.m"; sourceTree = "<group>"; };
		34FB34FB1F3D51A300785F15 /* UIImage+Color.h */ = {isa = PBXFileReference; fileEncoding = 4; lastKnownFileType = sourcecode.c.h; path = "UIImage+Color.h"; sourceTree = "<group>"; };
		34FB34FC1F3D51A300785F15 /* UIImage+Color.m */ = {isa = PBXFileReference; fileEncoding = 4; lastKnownFileType = sourcecode.c.objc; path = "UIImage+Color.m"; sourceTree = "<group>"; };
		34FB34FE1F3D523B00785F15 /* UILabel+Edge.h */ = {isa = PBXFileReference; fileEncoding = 4; lastKnownFileType = sourcecode.c.h; path = "UILabel+Edge.h"; sourceTree = "<group>"; };
		34FB34FF1F3D523B00785F15 /* UILabel+Edge.m */ = {isa = PBXFileReference; fileEncoding = 4; lastKnownFileType = sourcecode.c.objc; path = "UILabel+Edge.m"; sourceTree = "<group>"; };
		34FB35011F3D530A00785F15 /* CALayer+Border.h */ = {isa = PBXFileReference; fileEncoding = 4; lastKnownFileType = sourcecode.c.h; path = "CALayer+Border.h"; sourceTree = "<group>"; };
		34FB35021F3D530A00785F15 /* CALayer+Border.m */ = {isa = PBXFileReference; fileEncoding = 4; lastKnownFileType = sourcecode.c.objc; path = "CALayer+Border.m"; sourceTree = "<group>"; };
		34FB35041F3D536300785F15 /* QuartzCore.framework */ = {isa = PBXFileReference; lastKnownFileType = wrapper.framework; name = QuartzCore.framework; path = System/Library/Frameworks/QuartzCore.framework; sourceTree = SDKROOT; };
		34FB35061F3D53B300785F15 /* UIImage+ImageEffects.h */ = {isa = PBXFileReference; fileEncoding = 4; lastKnownFileType = sourcecode.c.h; path = "UIImage+ImageEffects.h"; sourceTree = "<group>"; };
		34FB35071F3D53B300785F15 /* UIImage+ImageEffects.m */ = {isa = PBXFileReference; fileEncoding = 4; lastKnownFileType = sourcecode.c.objc; path = "UIImage+ImageEffects.m"; sourceTree = "<group>"; };
		34FB35091F3D54F800785F15 /* DateUtils.h */ = {isa = PBXFileReference; fileEncoding = 4; lastKnownFileType = sourcecode.c.h; path = DateUtils.h; sourceTree = "<group>"; };
		34FB350A1F3D54F800785F15 /* DateUtils.m */ = {isa = PBXFileReference; fileEncoding = 4; lastKnownFileType = sourcecode.c.objc; path = DateUtils.m; sourceTree = "<group>"; };
		34FB350F1F3D768B00785F15 /* NSString+AppInfo.h */ = {isa = PBXFileReference; fileEncoding = 4; lastKnownFileType = sourcecode.c.h; path = "NSString+AppInfo.h"; sourceTree = "<group>"; };
		34FB35101F3D768B00785F15 /* NSString+AppInfo.m */ = {isa = PBXFileReference; fileEncoding = 4; lastKnownFileType = sourcecode.c.objc; path = "NSString+AppInfo.m"; sourceTree = "<group>"; };
		34FB35121F3D7B9800785F15 /* ExceptionHandler.h */ = {isa = PBXFileReference; fileEncoding = 4; lastKnownFileType = sourcecode.c.h; path = ExceptionHandler.h; sourceTree = "<group>"; };
		34FB35131F3D7B9800785F15 /* ExceptionHandler.m */ = {isa = PBXFileReference; fileEncoding = 4; lastKnownFileType = sourcecode.c.objc; path = ExceptionHandler.m; sourceTree = "<group>"; };
/* End PBXFileReference section */

/* Begin PBXFrameworksBuildPhase section */
		34FB34E01F3D417B00785F15 /* Frameworks */ = {
			isa = PBXFrameworksBuildPhase;
			buildActionMask = 2147483647;
			files = (
			);
			runOnlyForDeploymentPostprocessing = 0;
		};
/* End PBXFrameworksBuildPhase section */

/* Begin PBXGroup section */
		34FB34DA1F3D417B00785F15 = {
			isa = PBXGroup;
			children = (
				34FB34E51F3D417B00785F15 /* Object_C_Utils */,
				34FB34E41F3D417B00785F15 /* Products */,
				34FB34F51F3D4F0900785F15 /* Frameworks */,
			);
			sourceTree = "<group>";
		};
		34FB34E41F3D417B00785F15 /* Products */ = {
			isa = PBXGroup;
			children = (
				34FB34E31F3D417B00785F15 /* libObject_C_Utils.a */,
			);
			name = Products;
			sourceTree = "<group>";
		};
		34FB34E51F3D417B00785F15 /* Object_C_Utils */ = {
			isa = PBXGroup;
			children = (
				34FB35061F3D53B300785F15 /* UIImage+ImageEffects.h */,
				34FB35071F3D53B300785F15 /* UIImage+ImageEffects.m */,
				34FB34F21F3D4EEB00785F15 /* NSString+Validate.h */,
				34FB34F31F3D4EEB00785F15 /* NSString+Validate.m */,
				34FB34F81F3D50A600785F15 /* NSString+Encrypt.h */,
				34FB34F91F3D50A600785F15 /* NSString+Encrypt.m */,
				34FB34FB1F3D51A300785F15 /* UIImage+Color.h */,
				34FB34FC1F3D51A300785F15 /* UIImage+Color.m */,
				34FB34FE1F3D523B00785F15 /* UILabel+Edge.h */,
				34FB34FF1F3D523B00785F15 /* UILabel+Edge.m */,
				34FB35011F3D530A00785F15 /* CALayer+Border.h */,
				34FB35021F3D530A00785F15 /* CALayer+Border.m */,
				34FB35091F3D54F800785F15 /* DateUtils.h */,
				34FB350A1F3D54F800785F15 /* DateUtils.m */,
				34FB350F1F3D768B00785F15 /* NSString+AppInfo.h */,
				34FB35101F3D768B00785F15 /* NSString+AppInfo.m */,
				34FB35121F3D7B9800785F15 /* ExceptionHandler.h */,
				34FB35131F3D7B9800785F15 /* ExceptionHandler.m */,
			);
			path = Object_C_Utils;
			sourceTree = "<group>";
		};
		34FB34F51F3D4F0900785F15 /* Frameworks */ = {
			isa = PBXGroup;
			children = (
				34FB35041F3D536300785F15 /* QuartzCore.framework */,
				34FB34F61F3D4F0900785F15 /* Foundation.framework */,
			);
			name = Frameworks;
			sourceTree = "<group>";
		};
/* End PBXGroup section */

/* Begin PBXNativeTarget section */
		34FB34E21F3D417B00785F15 /* Object_C_Utils */ = {
			isa = PBXNativeTarget;
			buildConfigurationList = 34FB34EC1F3D417B00785F15 /* Build configuration list for PBXNativeTarget "Object_C_Utils" */;
			buildPhases = (
				34FB34DF1F3D417B00785F15 /* Sources */,
				34FB34E01F3D417B00785F15 /* Frameworks */,
				34FB34E11F3D417B00785F15 /* CopyFiles */,
			);
			buildRules = (
			);
			dependencies = (
			);
			name = Object_C_Utils;
			productName = Object_C_Utils;
			productReference = 34FB34E31F3D417B00785F15 /* libObject_C_Utils.a */;
			productType = "com.apple.product-type.library.static";
		};
/* End PBXNativeTarget section */

/* Begin PBXProject section */
		34FB34DB1F3D417B00785F15 /* Project object */ = {
			isa = PBXProject;
			attributes = {
				LastUpgradeCheck = 0830;
				ORGANIZATIONNAME = com.crfchina;
				TargetAttributes = {
					34FB34E21F3D417B00785F15 = {
						CreatedOnToolsVersion = 8.3.3;
						ProvisioningStyle = Automatic;
					};
				};
			};
			buildConfigurationList = 34FB34DE1F3D417B00785F15 /* Build configuration list for PBXProject "Object_C_Utils" */;
			compatibilityVersion = "Xcode 3.2";
			developmentRegion = English;
			hasScannedForEncodings = 0;
			knownRegions = (
				en,
			);
			mainGroup = 34FB34DA1F3D417B00785F15;
			productRefGroup = 34FB34E41F3D417B00785F15 /* Products */;
			projectDirPath = "";
			projectRoot = "";
			targets = (
				34FB34E21F3D417B00785F15 /* Object_C_Utils */,
			);
		};
/* End PBXProject section */

/* Begin PBXSourcesBuildPhase section */
		34FB34DF1F3D417B00785F15 /* Sources */ = {
			isa = PBXSourcesBuildPhase;
			buildActionMask = 2147483647;
			files = (
				34FB34F41F3D4EEB00785F15 /* NSString+Validate.m in Sources */,
				34FB34FD1F3D51A300785F15 /* UIImage+Color.m in Sources */,
				34FB35141F3D7B9800785F15 /* ExceptionHandler.m in Sources */,
				34FB35081F3D53B300785F15 /* UIImage+ImageEffects.m in Sources */,
				34FB34FA1F3D50A600785F15 /* NSString+Encrypt.m in Sources */,
				34FB350B1F3D54F800785F15 /* DateUtils.m in Sources */,
				34FB35111F3D768B00785F15 /* NSString+AppInfo.m in Sources */,
				34FB35031F3D530A00785F15 /* CALayer+Border.m in Sources */,
				34FB35001F3D523B00785F15 /* UILabel+Edge.m in Sources */,
			);
			runOnlyForDeploymentPostprocessing = 0;
		};
/* End PBXSourcesBuildPhase section */

/* Begin XCBuildConfiguration section */
		34FB34EA1F3D417B00785F15 /* Debug */ = {
			isa = XCBuildConfiguration;
			buildSettings = {
				ALWAYS_SEARCH_USER_PATHS = NO;
				CLANG_ANALYZER_NONNULL = YES;
				CLANG_ANALYZER_NUMBER_OBJECT_CONVERSION = YES_AGGRESSIVE;
				CLANG_CXX_LANGUAGE_STANDARD = "gnu++0x";
				CLANG_CXX_LIBRARY = "libc++";
				CLANG_ENABLE_MODULES = YES;
				CLANG_ENABLE_OBJC_ARC = YES;
				CLANG_WARN_BOOL_CONVERSION = YES;
				CLANG_WARN_CONSTANT_CONVERSION = YES;
				CLANG_WARN_DIRECT_OBJC_ISA_USAGE = YES_ERROR;
				CLANG_WARN_DOCUMENTATION_COMMENTS = YES;
				CLANG_WARN_EMPTY_BODY = YES;
				CLANG_WARN_ENUM_CONVERSION = YES;
				CLANG_WARN_INFINITE_RECURSION = YES;
				CLANG_WARN_INT_CONVERSION = YES;
				CLANG_WARN_OBJC_ROOT_CLASS = YES_ERROR;
				CLANG_WARN_SUSPICIOUS_MOVE = YES;
				CLANG_WARN_UNREACHABLE_CODE = YES;
				CLANG_WARN__DUPLICATE_METHOD_MATCH = YES;
				"CODE_SIGN_IDENTITY[sdk=iphoneos*]" = "iPhone Developer";
				COPY_PHASE_STRIP = NO;
				DEBUG_INFORMATION_FORMAT = dwarf;
				ENABLE_STRICT_OBJC_MSGSEND = YES;
				ENABLE_TESTABILITY = YES;
				GCC_C_LANGUAGE_STANDARD = gnu99;
				GCC_DYNAMIC_NO_PIC = NO;
				GCC_NO_COMMON_BLOCKS = YES;
				GCC_OPTIMIZATION_LEVEL = 0;
				GCC_PREPROCESSOR_DEFINITIONS = (
					"DEBUG=1",
					"$(inherited)",
				);
				GCC_WARN_64_TO_32_BIT_CONVERSION = YES;
				GCC_WARN_ABOUT_RETURN_TYPE = YES_ERROR;
				GCC_WARN_UNDECLARED_SELECTOR = YES;
				GCC_WARN_UNINITIALIZED_AUTOS = YES_AGGRESSIVE;
				GCC_WARN_UNUSED_FUNCTION = YES;
				GCC_WARN_UNUSED_VARIABLE = YES;
				IPHONEOS_DEPLOYMENT_TARGET = 10.3;
				MTL_ENABLE_DEBUG_INFO = YES;
				ONLY_ACTIVE_ARCH = YES;
				SDKROOT = iphoneos;
			};
			name = Debug;
		};
		34FB34EB1F3D417B00785F15 /* Release */ = {
			isa = XCBuildConfiguration;
			buildSettings = {
				ALWAYS_SEARCH_USER_PATHS = NO;
				CLANG_ANALYZER_NONNULL = YES;
				CLANG_ANALYZER_NUMBER_OBJECT_CONVERSION = YES_AGGRESSIVE;
				CLANG_CXX_LANGUAGE_STANDARD = "gnu++0x";
				CLANG_CXX_LIBRARY = "libc++";
				CLANG_ENABLE_MODULES = YES;
				CLANG_ENABLE_OBJC_ARC = YES;
				CLANG_WARN_BOOL_CONVERSION = YES;
				CLANG_WARN_CONSTANT_CONVERSION = YES;
				CLANG_WARN_DIRECT_OBJC_ISA_USAGE = YES_ERROR;
				CLANG_WARN_DOCUMENTATION_COMMENTS = YES;
				CLANG_WARN_EMPTY_BODY = YES;
				CLANG_WARN_ENUM_CONVERSION = YES;
				CLANG_WARN_INFINITE_RECURSION = YES;
				CLANG_WARN_INT_CONVERSION = YES;
				CLANG_WARN_OBJC_ROOT_CLASS = YES_ERROR;
				CLANG_WARN_SUSPICIOUS_MOVE = YES;
				CLANG_WARN_UNREACHABLE_CODE = YES;
				CLANG_WARN__DUPLICATE_METHOD_MATCH = YES;
				"CODE_SIGN_IDENTITY[sdk=iphoneos*]" = "iPhone Developer";
				COPY_PHASE_STRIP = NO;
				DEBUG_INFORMATION_FORMAT = "dwarf-with-dsym";
				ENABLE_NS_ASSERTIONS = NO;
				ENABLE_STRICT_OBJC_MSGSEND = YES;
				GCC_C_LANGUAGE_STANDARD = gnu99;
				GCC_NO_COMMON_BLOCKS = YES;
				GCC_WARN_64_TO_32_BIT_CONVERSION = YES;
				GCC_WARN_ABOUT_RETURN_TYPE = YES_ERROR;
				GCC_WARN_UNDECLARED_SELECTOR = YES;
				GCC_WARN_UNINITIALIZED_AUTOS = YES_AGGRESSIVE;
				GCC_WARN_UNUSED_FUNCTION = YES;
				GCC_WARN_UNUSED_VARIABLE = YES;
				IPHONEOS_DEPLOYMENT_TARGET = 10.3;
				MTL_ENABLE_DEBUG_INFO = NO;
				SDKROOT = iphoneos;
				VALIDATE_PRODUCT = YES;
			};
			name = Release;
		};
		34FB34ED1F3D417B00785F15 /* Debug */ = {
			isa = XCBuildConfiguration;
			buildSettings = {
				OTHER_LDFLAGS = "-ObjC";
				PRODUCT_NAME = "$(TARGET_NAME)";
				SKIP_INSTALL = YES;
			};
			name = Debug;
		};
		34FB34EE1F3D417B00785F15 /* Release */ = {
			isa = XCBuildConfiguration;
			buildSettings = {
				OTHER_LDFLAGS = "-ObjC";
				PRODUCT_NAME = "$(TARGET_NAME)";
				SKIP_INSTALL = YES;
			};
			name = Release;
		};
/* End XCBuildConfiguration section */

/* Begin XCConfigurationList section */
		34FB34DE1F3D417B00785F15 /* Build configuration list for PBXProject "Object_C_Utils" */ = {
			isa = XCConfigurationList;
			buildConfigurations = (
				34FB34EA1F3D417B00785F15 /* Debug */,
				34FB34EB1F3D417B00785F15 /* Release */,
			);
			defaultConfigurationIsVisible = 0;
			defaultConfigurationName = Release;
		};
		34FB34EC1F3D417B00785F15 /* Build configuration list for PBXNativeTarget "Object_C_Utils" */ = {
			isa = XCConfigurationList;
			buildConfigurations = (
				34FB34ED1F3D417B00785F15 /* Debug */,
				34FB34EE1F3D417B00785F15 /* Release */,
			);
			defaultConfigurationIsVisible = 0;
			defaultConfigurationName = Release;
		};
/* End XCConfigurationList section */
	};
	rootObject = 34FB34DB1F3D417B00785F15 /* Project object */;
}
